
Microsoft Visual Studio Solution File, Format Version 12.00
# Visual Studio Version 17
VisualStudioVersion = 17.8.34330.188
MinimumVisualStudioVersion = 10.0.40219.1
Project("{FAE04EC0-301F-11D3-BF4B-00C04F79EFBC}") = "BrezenhemApp", "BrezenhemApp\BrezenhemApp.csproj", "{A5E72AE6-B66B-4307-883E-16EE9E6DA1C8}"
EndProject
Global
	GlobalSection(SolutionConfigurationPlatforms) = preSolution
		Debug|Any CPU = Debug|Any CPU
		Release|Any CPU = Release|Any CPU
	EndGlobalSection
	GlobalSection(ProjectConfigurationPlatforms) = postSolution
		{A5E72AE6-B66B-4307-883E-16EE9E6DA1C8}.Debug|Any CPU.ActiveCfg = Debug|Any CPU
		{A5E72AE6-B66B-4307-883E-16EE9E6DA1C8}.Debug|Any CPU.Build.0 = Debug|Any CPU
		{A5E72AE6-B66B-4307-883E-16EE9E6DA1C8}.Release|Any CPU.ActiveCfg = Release|Any CPU
		{A5E72AE6-B66B-4307-883E-16EE9E6DA1C8}.Release|Any CPU.Build.0 = Release|Any CPU
	EndGlobalSection
	GlobalSection(SolutionProperties) = preSolution
		HideSolutionNode = FALSE
	EndGlobalSection
	GlobalSection(ExtensibilityGlobals) = postSolution
		SolutionGuid = {3619FA15-2B87-44C7-9978-23DA8369C863}
	EndGlobalSection
EndGlobal
